
Microsoft Visual Studio Solution File, Format Version 12.00
# Visual Studio Version 17
VisualStudioVersion = 17.11.35312.102
MinimumVisualStudioVersion = 10.0.40219.1
Project("{9A19103F-16F7-4668-BE54-9A1E7A4F7556}") = "PRMS_BackendAPI", "WebApplication1\PRMS_BackendAPI.csproj", "{AC77FF06-4563-42A6-9A0D-F7660D862683}"
EndProject
Global
	GlobalSection(SolutionConfigurationPlatforms) = preSolution
		Debug|Any CPU = Debug|Any CPU
		Release|Any CPU = Release|Any CPU
	EndGlobalSection
	GlobalSection(ProjectConfigurationPlatforms) = postSolution
		{AC77FF06-4563-42A6-9A0D-F7660D862683}.Debug|Any CPU.ActiveCfg = Debug|Any CPU
		{AC77FF06-4563-42A6-9A0D-F7660D862683}.Debug|Any CPU.Build.0 = Debug|Any CPU
		{AC77FF06-4563-42A6-9A0D-F7660D862683}.Release|Any CPU.ActiveCfg = Release|Any CPU
		{AC77FF06-4563-42A6-9A0D-F7660D862683}.Release|Any CPU.Build.0 = Release|Any CPU
	EndGlobalSection
	GlobalSection(SolutionProperties) = preSolution
		HideSolutionNode = FALSE
	EndGlobalSection
	GlobalSection(ExtensibilityGlobals) = postSolution
		SolutionGuid = {41683ED6-3748-43F9-8908-A68B2FE105C1}
	EndGlobalSection
EndGlobal
